
Microsoft Visual Studio Solution File, Format Version 12.00
# Visual Studio Version 16
VisualStudioVersion = 16.0.30523.141
MinimumVisualStudioVersion = 10.0.40219.1
Project("{FAE04EC0-301F-11D3-BF4B-00C04F79EFBC}") = "Fiszki", "Fiszki\Fiszki.csproj", "{10427321-50B4-4E99-BEEB-0A006E429123}"
EndProject
Project("{FAE04EC0-301F-11D3-BF4B-00C04F79EFBC}") = "Fiszki.Core", "Fiszki.Core\Fiszki.Core.csproj", "{8F9BEF28-FB02-433B-9A76-1C3C2DC50A90}"
EndProject
Project("{FAE04EC0-301F-11D3-BF4B-00C04F79EFBC}") = "testy", "testy\testy.csproj", "{F05D98CB-DCB1-4868-8294-1FC008D7F2C5}"
EndProject
Global
	GlobalSection(SolutionConfigurationPlatforms) = preSolution
		Debug|Any CPU = Debug|Any CPU
		Release|Any CPU = Release|Any CPU
	EndGlobalSection
	GlobalSection(ProjectConfigurationPlatforms) = postSolution
		{10427321-50B4-4E99-BEEB-0A006E429123}.Debug|Any CPU.ActiveCfg = Debug|Any CPU
		{10427321-50B4-4E99-BEEB-0A006E429123}.Debug|Any CPU.Build.0 = Debug|Any CPU
		{10427321-50B4-4E99-BEEB-0A006E429123}.Release|Any CPU.ActiveCfg = Release|Any CPU
		{10427321-50B4-4E99-BEEB-0A006E429123}.Release|Any CPU.Build.0 = Release|Any CPU
		{8F9BEF28-FB02-433B-9A76-1C3C2DC50A90}.Debug|Any CPU.ActiveCfg = Debug|Any CPU
		{8F9BEF28-FB02-433B-9A76-1C3C2DC50A90}.Debug|Any CPU.Build.0 = Debug|Any CPU
		{8F9BEF28-FB02-433B-9A76-1C3C2DC50A90}.Release|Any CPU.ActiveCfg = Release|Any CPU
		{8F9BEF28-FB02-433B-9A76-1C3C2DC50A90}.Release|Any CPU.Build.0 = Release|Any CPU
		{F05D98CB-DCB1-4868-8294-1FC008D7F2C5}.Debug|Any CPU.ActiveCfg = Debug|Any CPU
		{F05D98CB-DCB1-4868-8294-1FC008D7F2C5}.Debug|Any CPU.Build.0 = Debug|Any CPU
		{F05D98CB-DCB1-4868-8294-1FC008D7F2C5}.Release|Any CPU.ActiveCfg = Release|Any CPU
		{F05D98CB-DCB1-4868-8294-1FC008D7F2C5}.Release|Any CPU.Build.0 = Release|Any CPU
	EndGlobalSection
	GlobalSection(SolutionProperties) = preSolution
		HideSolutionNode = FALSE
	EndGlobalSection
	GlobalSection(ExtensibilityGlobals) = postSolution
		SolutionGuid = {5DF276BE-EADE-4D63-A99A-8970A85807B6}
	EndGlobalSection
EndGlobal
